
Microsoft Visual Studio Solution File, Format Version 12.00
# Visual Studio Version 17
VisualStudioVersion = 17.0.31919.166
MinimumVisualStudioVersion = 10.0.40219.1
Project("{FAE04EC0-301F-11D3-BF4B-00C04F79EFBC}") = "LastPractice_B4_Test_allFrameworks", "LastPractice_B4_Test_allFrameworks\LastPractice_B4_Test_allFrameworks.csproj", "{267A2F0A-D6E8-4700-A8F5-205429FEEC84}"
EndProject
Global
	GlobalSection(SolutionConfigurationPlatforms) = preSolution
		Debug|Any CPU = Debug|Any CPU
		Release|Any CPU = Release|Any CPU
	EndGlobalSection
	GlobalSection(ProjectConfigurationPlatforms) = postSolution
		{267A2F0A-D6E8-4700-A8F5-205429FEEC84}.Debug|Any CPU.ActiveCfg = Debug|Any CPU
		{267A2F0A-D6E8-4700-A8F5-205429FEEC84}.Debug|Any CPU.Build.0 = Debug|Any CPU
		{267A2F0A-D6E8-4700-A8F5-205429FEEC84}.Release|Any CPU.ActiveCfg = Release|Any CPU
		{267A2F0A-D6E8-4700-A8F5-205429FEEC84}.Release|Any CPU.Build.0 = Release|Any CPU
	EndGlobalSection
	GlobalSection(SolutionProperties) = preSolution
		HideSolutionNode = FALSE
	EndGlobalSection
	GlobalSection(ExtensibilityGlobals) = postSolution
		SolutionGuid = {5979A696-30F3-461A-A5C4-422B1A10A1B6}
	EndGlobalSection
EndGlobal
